
Microsoft Visual Studio Solution File, Format Version 12.00
# Visual Studio Version 17
VisualStudioVersion = 17.2.32526.322
MinimumVisualStudioVersion = 10.0.40219.1
Project("{FAE04EC0-301F-11D3-BF4B-00C04F79EFBC}") = "ArraySequence", "ArraySequence.csproj", "{1BD758FD-ED94-4724-80C4-3711288AED6F}"
EndProject
Global
	GlobalSection(SolutionConfigurationPlatforms) = preSolution
		Debug|Any CPU = Debug|Any CPU
		Release|Any CPU = Release|Any CPU
	EndGlobalSection
	GlobalSection(ProjectConfigurationPlatforms) = postSolution
		{1BD758FD-ED94-4724-80C4-3711288AED6F}.Debug|Any CPU.ActiveCfg = Debug|Any CPU
		{1BD758FD-ED94-4724-80C4-3711288AED6F}.Debug|Any CPU.Build.0 = Debug|Any CPU
		{1BD758FD-ED94-4724-80C4-3711288AED6F}.Release|Any CPU.ActiveCfg = Release|Any CPU
		{1BD758FD-ED94-4724-80C4-3711288AED6F}.Release|Any CPU.Build.0 = Release|Any CPU
	EndGlobalSection
	GlobalSection(SolutionProperties) = preSolution
		HideSolutionNode = FALSE
	EndGlobalSection
	GlobalSection(ExtensibilityGlobals) = postSolution
		SolutionGuid = {B7302AE4-833C-4E57-A964-5BC17BA2A395}
	EndGlobalSection
EndGlobal
